
Microsoft Visual Studio Solution File, Format Version 12.00
# Visual Studio Version 16
VisualStudioVersion = 16.0.32929.386
MinimumVisualStudioVersion = 10.0.40219.1
Project("{FAE04EC0-301F-11D3-BF4B-00C04F79EFBC}") = "WebApiEmployees", "WebApiEmployees.csproj", "{3F9DA293-460D-4D9E-9845-03E200058907}"
EndProject
Global
	GlobalSection(SolutionConfigurationPlatforms) = preSolution
		Debug|Any CPU = Debug|Any CPU
		Release|Any CPU = Release|Any CPU
	EndGlobalSection
	GlobalSection(ProjectConfigurationPlatforms) = postSolution
		{3F9DA293-460D-4D9E-9845-03E200058907}.Debug|Any CPU.ActiveCfg = Debug|Any CPU
		{3F9DA293-460D-4D9E-9845-03E200058907}.Debug|Any CPU.Build.0 = Debug|Any CPU
		{3F9DA293-460D-4D9E-9845-03E200058907}.Release|Any CPU.ActiveCfg = Release|Any CPU
		{3F9DA293-460D-4D9E-9845-03E200058907}.Release|Any CPU.Build.0 = Release|Any CPU
	EndGlobalSection
	GlobalSection(SolutionProperties) = preSolution
		HideSolutionNode = FALSE
	EndGlobalSection
	GlobalSection(ExtensibilityGlobals) = postSolution
		SolutionGuid = {E0829618-89F8-4D2E-859C-16A25BBC8A9A}
	EndGlobalSection
EndGlobal
